// !$*UTF8*$!
{
	archiveVersion = 1;
	classes = {
	};
	objectVersion = 50;
	objects = {

/* Begin PBXBuildFile section */
		6440BE5920B3CB1E003C5A24 /* NodeLayer.swift in Sources */ = {isa = PBXBuildFile; fileRef = 6440BE5820B3CB1E003C5A24 /* NodeLayer.swift */; };
		648595AA20AD5C96004A5A6A /* ForceDirectedGenerator.swift in Sources */ = {isa = PBXBuildFile; fileRef = 648595A920AD5C96004A5A6A /* ForceDirectedGenerator.swift */; };
		64C1899C20AC4988004A7D96 /* AppDelegate.swift in Sources */ = {isa = PBXBuildFile; fileRef = 64C1899B20AC4988004A7D96 /* AppDelegate.swift */; };
		64C1899E20AC4988004A7D96 /* ViewController.swift in Sources */ = {isa = PBXBuildFile; fileRef = 64C1899D20AC4988004A7D96 /* ViewController.swift */; };
		64C189A120AC4988004A7D96 /* Main.storyboard in Resources */ = {isa = PBXBuildFile; fileRef = 64C1899F20AC4988004A7D96 /* Main.storyboard */; };
		64C189A320AC4989004A7D96 /* Assets.xcassets in Resources */ = {isa = PBXBuildFile; fileRef = 64C189A220AC4989004A7D96 /* Assets.xcassets */; };
		64C189A620AC4989004A7D96 /* LaunchScreen.storyboard in Resources */ = {isa = PBXBuildFile; fileRef = 64C189A420AC4989004A7D96 /* LaunchScreen.storyboard */; };
		64FDEBAD20B2C86900A5D856 /* data.json in Resources */ = {isa = PBXBuildFile; fileRef = 64FDEBAC20B2C86900A5D856 /* data.json */; };
/* End PBXBuildFile section */

/* Begin PBXFileReference section */
		6440BE5820B3CB1E003C5A24 /* NodeLayer.swift */ = {isa = PBXFileReference; lastKnownFileType = sourcecode.swift; path = NodeLayer.swift; sourceTree = "<group>"; };
		648595A920AD5C96004A5A6A /* ForceDirectedGenerator.swift */ = {isa = PBXFileReference; fileEncoding = 4; lastKnownFileType = sourcecode.swift; path = ForceDirectedGenerator.swift; sourceTree = "<group>"; };
		64C1899820AC4988004A7D96 /* BEForceDirectedDemo-Swift.app */ = {isa = PBXFileReference; explicitFileType = wrapper.application; includeInIndex = 0; path = "BEForceDirectedDemo-Swift.app"; sourceTree = BUILT_PRODUCTS_DIR; };
		64C1899B20AC4988004A7D96 /* AppDelegate.swift */ = {isa = PBXFileReference; lastKnownFileType = sourcecode.swift; path = AppDelegate.swift; sourceTree = "<group>"; };
		64C1899D20AC4988004A7D96 /* ViewController.swift */ = {isa = PBXFileReference; lastKnownFileType = sourcecode.swift; path = ViewController.swift; sourceTree = "<group>"; };
		64C189A020AC4988004A7D96 /* Base */ = {isa = PBXFileReference; lastKnownFileType = file.storyboard; name = Base; path = Base.lproj/Main.storyboard; sourceTree = "<group>"; };
		64C189A220AC4989004A7D96 /* Assets.xcassets */ = {isa = PBXFileReference; lastKnownFileType = folder.assetcatalog; path = Assets.xcassets; sourceTree = "<group>"; };
		64C189A520AC4989004A7D96 /* Base */ = {isa = PBXFileReference; lastKnownFileType = file.storyboard; name = Base; path = Base.lproj/LaunchScreen.storyboard; sourceTree = "<group>"; };
		64C189A720AC4989004A7D96 /* Info.plist */ = {isa = PBXFileReference; lastKnownFileType = text.plist.xml; path = Info.plist; sourceTree = "<group>"; };
		64FDEBAC20B2C86900A5D856 /* data.json */ = {isa = PBXFileReference; fileEncoding = 4; lastKnownFileType = text.json; path = data.json; sourceTree = SOURCE_ROOT; };
/* End PBXFileReference section */

/* Begin PBXFrameworksBuildPhase section */
		64C1899520AC4988004A7D96 /* Frameworks */ = {
			isa = PBXFrameworksBuildPhase;
			buildActionMask = 2147483647;
			files = (
			);
			runOnlyForDeploymentPostprocessing = 0;
		};
/* End PBXFrameworksBuildPhase section */

/* Begin PBXGroup section */
		648595A820AD5C96004A5A6A /* ForceDirected */ = {
			isa = PBXGroup;
			children = (
				648595A920AD5C96004A5A6A /* ForceDirectedGenerator.swift */,
			);
			path = ForceDirected;
			sourceTree = "<group>";
		};
		64C1898F20AC4988004A7D96 = {
			isa = PBXGroup;
			children = (
				64C1899A20AC4988004A7D96 /* BEForceDirectedDemo-Swift */,
				64C1899920AC4988004A7D96 /* Products */,
			);
			sourceTree = "<group>";
		};
		64C1899920AC4988004A7D96 /* Products */ = {
			isa = PBXGroup;
			children = (
				64C1899820AC4988004A7D96 /* BEForceDirectedDemo-Swift.app */,
			);
			name = Products;
			sourceTree = "<group>";
		};
		64C1899A20AC4988004A7D96 /* BEForceDirectedDemo-Swift */ = {
			isa = PBXGroup;
			children = (
				64FDEBAC20B2C86900A5D856 /* data.json */,
				648595A820AD5C96004A5A6A /* ForceDirected */,
				64C1899B20AC4988004A7D96 /* AppDelegate.swift */,
				64C1899D20AC4988004A7D96 /* ViewController.swift */,
				6440BE5820B3CB1E003C5A24 /* NodeLayer.swift */,
				64C1899F20AC4988004A7D96 /* Main.storyboard */,
				64C189A220AC4989004A7D96 /* Assets.xcassets */,
				64C189A420AC4989004A7D96 /* LaunchScreen.storyboard */,
				64C189A720AC4989004A7D96 /* Info.plist */,
			);
			path = "BEForceDirectedDemo-Swift";
			sourceTree = "<group>";
		};
/* End PBXGroup section */

/* Begin PBXNativeTarget section */
		64C1899720AC4988004A7D96 /* BEForceDirectedDemo-Swift */ = {
			isa = PBXNativeTarget;
			buildConfigurationList = 64C189AA20AC4989004A7D96 /* Build configuration list for PBXNativeTarget "BEForceDirectedDemo-Swift" */;
			buildPhases = (
				64C1899420AC4988004A7D96 /* Sources */,
				64C1899520AC4988004A7D96 /* Frameworks */,
				64C1899620AC4988004A7D96 /* Resources */,
			);
			buildRules = (
			);
			dependencies = (
			);
			name = "BEForceDirectedDemo-Swift";
			productName = "BEForceDirectedDemo-Swift";
			productReference = 64C1899820AC4988004A7D96 /* BEForceDirectedDemo-Swift.app */;
			productType = "com.apple.product-type.application";
		};
/* End PBXNativeTarget section */

/* Begin PBXProject section */
		64C1899020AC4988004A7D96 /* Project object */ = {
			isa = PBXProject;
			attributes = {
				LastSwiftUpdateCheck = 0930;
				LastUpgradeCheck = 0930;
				ORGANIZATIONNAME = blueeee;
				TargetAttributes = {
					64C1899720AC4988004A7D96 = {
						CreatedOnToolsVersion = 9.3;
					};
				};
			};
			buildConfigurationList = 64C1899320AC4988004A7D96 /* Build configuration list for PBXProject "BEForceDirectedDemo-Swift" */;
			compatibilityVersion = "Xcode 9.3";
			developmentRegion = en;
			hasScannedForEncodings = 0;
			knownRegions = (
				en,
				Base,
			);
			mainGroup = 64C1898F20AC4988004A7D96;
			productRefGroup = 64C1899920AC4988004A7D96 /* Products */;
			projectDirPath = "";
			projectRoot = "";
			targets = (
				64C1899720AC4988004A7D96 /* BEForceDirectedDemo-Swift */,
			);
		};
/* End PBXProject section */

/* Begin PBXResourcesBuildPhase section */
		64C1899620AC4988004A7D96 /* Resources */ = {
			isa = PBXResourcesBuildPhase;
			buildActionMask = 2147483647;
			files = (
				64C189A620AC4989004A7D96 /* LaunchScreen.storyboard in Resources */,
				64C189A320AC4989004A7D96 /* Assets.xcassets in Resources */,
				64C189A120AC4988004A7D96 /* Main.storyboard in Resources */,
				64FDEBAD20B2C86900A5D856 /* data.json in Resources */,
			);
			runOnlyForDeploymentPostprocessing = 0;
		};
/* End PBXResourcesBuildPhase section */

/* Begin PBXSourcesBuildPhase section */
		64C1899420AC4988004A7D96 /* Sources */ = {
			isa = PBXSourcesBuildPhase;
			buildActionMask = 2147483647;
			files = (
				64C1899E20AC4988004A7D96 /* ViewController.swift in Sources */,
				6440BE5920B3CB1E003C5A24 /* NodeLayer.swift in Sources */,
				648595AA20AD5C96004A5A6A /* ForceDirectedGenerator.swift in Sources */,
				64C1899C20AC4988004A7D96 /* AppDelegate.swift in Sources */,
			);
			runOnlyForDeploymentPostprocessing = 0;
		};
/* End PBXSourcesBuildPhase section */

/* Begin PBXVariantGroup section */
		64C1899F20AC4988004A7D96 /* Main.storyboard */ = {
			isa = PBXVariantGroup;
			children = (
				64C189A020AC4988004A7D96 /* Base */,
			);
			name = Main.storyboard;
			sourceTree = "<group>";
		};
		64C189A420AC4989004A7D96 /* LaunchScreen.storyboard */ = {
			isa = PBXVariantGroup;
			children = (
				64C189A520AC4989004A7D96 /* Base */,
			);
			name = LaunchScreen.storyboard;
			sourceTree = "<group>";
		};
/* End PBXVariantGroup section */

/* Begin XCBuildConfiguration section */
		64C189A820AC4989004A7D96 /* Debug */ = {
			isa = XCBuildConfiguration;
			buildSettings = {
				ALWAYS_SEARCH_USER_PATHS = NO;
				CLANG_ANALYZER_NONNULL = YES;
				CLANG_ANALYZER_NUMBER_OBJECT_CONVERSION = YES_AGGRESSIVE;
				CLANG_CXX_LANGUAGE_STANDARD = "gnu++14";
				CLANG_CXX_LIBRARY = "libc++";
				CLANG_ENABLE_MODULES = YES;
				CLANG_ENABLE_OBJC_ARC = YES;
				CLANG_ENABLE_OBJC_WEAK = YES;
				CLANG_WARN_BLOCK_CAPTURE_AUTORELEASING = YES;
				CLANG_WARN_BOOL_CONVERSION = YES;
				CLANG_WARN_COMMA = YES;
				CLANG_WARN_CONSTANT_CONVERSION = YES;
				CLANG_WARN_DEPRECATED_OBJC_IMPLEMENTATIONS = YES;
				CLANG_WARN_DIRECT_OBJC_ISA_USAGE = YES_ERROR;
				CLANG_WARN_DOCUMENTATION_COMMENTS = YES;
				CLANG_WARN_EMPTY_BODY = YES;
				CLANG_WARN_ENUM_CONVERSION = YES;
				CLANG_WARN_INFINITE_RECURSION = YES;
				CLANG_WARN_INT_CONVERSION = YES;
				CLANG_WARN_NON_LITERAL_NULL_CONVERSION = YES;
				CLANG_WARN_OBJC_IMPLICIT_RETAIN_SELF = YES;
				CLANG_WARN_OBJC_LITERAL_CONVERSION = YES;
				CLANG_WARN_OBJC_ROOT_CLASS = YES_ERROR;
				CLANG_WARN_RANGE_LOOP_ANALYSIS = YES;
				CLANG_WARN_STRICT_PROTOTYPES = YES;
				CLANG_WARN_SUSPICIOUS_MOVE = YES;
				CLANG_WARN_UNGUARDED_AVAILABILITY = YES_AGGRESSIVE;
				CLANG_WARN_UNREACHABLE_CODE = YES;
				CLANG_WARN__DUPLICATE_METHOD_MATCH = YES;
				CODE_SIGN_IDENTITY = "iPhone Developer";
				COPY_PHASE_STRIP = NO;
				DEBUG_INFORMATION_FORMAT = dwarf;
				ENABLE_STRICT_OBJC_MSGSEND = YES;
				ENABLE_TESTABILITY = YES;
				GCC_C_LANGUAGE_STANDARD = gnu11;
				GCC_DYNAMIC_NO_PIC = NO;
				GCC_NO_COMMON_BLOCKS = YES;
				GCC_OPTIMIZATION_LEVEL = 0;
				GCC_PREPROCESSOR_DEFINITIONS = (
					"DEBUG=1",
					"$(inherited)",
				);
				GCC_WARN_64_TO_32_BIT_CONVERSION = YES;
				GCC_WARN_ABOUT_RETURN_TYPE = YES_ERROR;
				GCC_WARN_UNDECLARED_SELECTOR = YES;
				GCC_WARN_UNINITIALIZED_AUTOS = YES_AGGRESSIVE;
				GCC_WARN_UNUSED_FUNCTION = YES;
				GCC_WARN_UNUSED_VARIABLE = YES;
				IPHONEOS_DEPLOYMENT_TARGET = 11.3;
				MTL_ENABLE_DEBUG_INFO = YES;
				ONLY_ACTIVE_ARCH = YES;
				SDKROOT = iphoneos;
				SWIFT_ACTIVE_COMPILATION_CONDITIONS = DEBUG;
				SWIFT_OPTIMIZATION_LEVEL = "-Onone";
			};
			name = Debug;
		};
		64C189A920AC4989004A7D96 /* Release */ = {
			isa = XCBuildConfiguration;
			buildSettings = {
				ALWAYS_SEARCH_USER_PATHS = NO;
				CLANG_ANALYZER_NONNULL = YES;
				CLANG_ANALYZER_NUMBER_OBJECT_CONVERSION = YES_AGGRESSIVE;
				CLANG_CXX_LANGUAGE_STANDARD = "gnu++14";
				CLANG_CXX_LIBRARY = "libc++";
				CLANG_ENABLE_MODULES = YES;
				CLANG_ENABLE_OBJC_ARC = YES;
				CLANG_ENABLE_OBJC_WEAK = YES;
				CLANG_WARN_BLOCK_CAPTURE_AUTORELEASING = YES;
				CLANG_WARN_BOOL_CONVERSION = YES;
				CLANG_WARN_COMMA = YES;
				CLANG_WARN_CONSTANT_CONVERSION = YES;
				CLANG_WARN_DEPRECATED_OBJC_IMPLEMENTATIONS = YES;
				CLANG_WARN_DIRECT_OBJC_ISA_USAGE = YES_ERROR;
				CLANG_WARN_DOCUMENTATION_COMMENTS = YES;
				CLANG_WARN_EMPTY_BODY = YES;
				CLANG_WARN_ENUM_CONVERSION = YES;
				CLANG_WARN_INFINITE_RECURSION = YES;
				CLANG_WARN_INT_CONVERSION = YES;
				CLANG_WARN_NON_LITERAL_NULL_CONVERSION = YES;
				CLANG_WARN_OBJC_IMPLICIT_RETAIN_SELF = YES;
				CLANG_WARN_OBJC_LITERAL_CONVERSION = YES;
				CLANG_WARN_OBJC_ROOT_CLASS = YES_ERROR;
				CLANG_WARN_RANGE_LOOP_ANALYSIS = YES;
				CLANG_WARN_STRICT_PROTOTYPES = YES;
				CLANG_WARN_SUSPICIOUS_MOVE = YES;
				CLANG_WARN_UNGUARDED_AVAILABILITY = YES_AGGRESSIVE;
				CLANG_WARN_UNREACHABLE_CODE = YES;
				CLANG_WARN__DUPLICATE_METHOD_MATCH = YES;
				CODE_SIGN_IDENTITY = "iPhone Developer";
				COPY_PHASE_STRIP = NO;
				DEBUG_INFORMATION_FORMAT = "dwarf-with-dsym";
				ENABLE_NS_ASSERTIONS = NO;
				ENABLE_STRICT_OBJC_MSGSEND = YES;
				GCC_C_LANGUAGE_STANDARD = gnu11;
				GCC_NO_COMMON_BLOCKS = YES;
				GCC_WARN_64_TO_32_BIT_CONVERSION = YES;
				GCC_WARN_ABOUT_RETURN_TYPE = YES_ERROR;
				GCC_WARN_UNDECLARED_SELECTOR = YES;
				GCC_WARN_UNINITIALIZED_AUTOS = YES_AGGRESSIVE;
				GCC_WARN_UNUSED_FUNCTION = YES;
				GCC_WARN_UNUSED_VARIABLE = YES;
				IPHONEOS_DEPLOYMENT_TARGET = 11.3;
				MTL_ENABLE_DEBUG_INFO = NO;
				SDKROOT = iphoneos;
				SWIFT_COMPILATION_MODE = wholemodule;
				SWIFT_OPTIMIZATION_LEVEL = "-O";
				VALIDATE_PRODUCT = YES;
			};
			name = Release;
		};
		64C189AB20AC4989004A7D96 /* Debug */ = {
			isa = XCBuildConfiguration;
			buildSettings = {
				ASSETCATALOG_COMPILER_APPICON_NAME = AppIcon;
				CODE_SIGN_STYLE = Automatic;
				DEVELOPMENT_TEAM = 758YJ7F7QZ;
				INFOPLIST_FILE = "BEForceDirectedDemo-Swift/Info.plist";
				LD_RUNPATH_SEARCH_PATHS = (
					"$(inherited)",
					"@executable_path/Frameworks",
				);
				PRODUCT_BUNDLE_IDENTIFIER = "com.blueeee.BEForceDirectedDemo-Swift";
				PRODUCT_NAME = "$(TARGET_NAME)";
				SWIFT_VERSION = 4.0;
				TARGETED_DEVICE_FAMILY = "1,2";
			};
			name = Debug;
		};
		64C189AC20AC4989004A7D96 /* Release */ = {
			isa = XCBuildConfiguration;
			buildSettings = {
				ASSETCATALOG_COMPILER_APPICON_NAME = AppIcon;
				CODE_SIGN_STYLE = Automatic;
				DEVELOPMENT_TEAM = 758YJ7F7QZ;
				INFOPLIST_FILE = "BEForceDirectedDemo-Swift/Info.plist";
				LD_RUNPATH_SEARCH_PATHS = (
					"$(inherited)",
					"@executable_path/Frameworks",
				);
				PRODUCT_BUNDLE_IDENTIFIER = "com.blueeee.BEForceDirectedDemo-Swift";
				PRODUCT_NAME = "$(TARGET_NAME)";
				SWIFT_VERSION = 4.0;
				TARGETED_DEVICE_FAMILY = "1,2";
			};
			name = Release;
		};
/* End XCBuildConfiguration section */

/* Begin XCConfigurationList section */
		64C1899320AC4988004A7D96 /* Build configuration list for PBXProject "BEForceDirectedDemo-Swift" */ = {
			isa = XCConfigurationList;
			buildConfigurations = (
				64C189A820AC4989004A7D96 /* Debug */,
				64C189A920AC4989004A7D96 /* Release */,
			);
			defaultConfigurationIsVisible = 0;
			defaultConfigurationName = Release;
		};
		64C189AA20AC4989004A7D96 /* Build configuration list for PBXNativeTarget "BEForceDirectedDemo-Swift" */ = {
			isa = XCConfigurationList;
			buildConfigurations = (
				64C189AB20AC4989004A7D96 /* Debug */,
				64C189AC20AC4989004A7D96 /* Release */,
			);
			defaultConfigurationIsVisible = 0;
			defaultConfigurationName = Release;
		};
/* End XCConfigurationList section */
	};
	rootObject = 64C1899020AC4988004A7D96 /* Project object */;
}
